
Microsoft Visual Studio Solution File, Format Version 12.00
# Visual Studio Version 17
VisualStudioVersion = 17.5.33530.505
MinimumVisualStudioVersion = 10.0.40219.1
Project("{9A19103F-16F7-4668-BE54-9A1E7A4F7556}") = "TCP_Server", "TCP_Server.csproj", "{0383405C-389E-4774-B059-2F90AABA7A8F}"
EndProject
Project("{9A19103F-16F7-4668-BE54-9A1E7A4F7556}") = "SDK", "..\SDK\SDK.csproj", "{B4698E50-6D08-40C4-B9ED-8F6EDCFFD439}"
EndProject
Project("{FAE04EC0-301F-11D3-BF4B-00C04F79EFBC}") = "Http_Server", "..\Http_Server\Http_Server.csproj", "{673A6FD8-4307-45A4-9089-24E09E4FA503}"
EndProject
Global
	GlobalSection(SolutionConfigurationPlatforms) = preSolution
		Debug|Any CPU = Debug|Any CPU
		Release|Any CPU = Release|Any CPU
	EndGlobalSection
	GlobalSection(ProjectConfigurationPlatforms) = postSolution
		{0383405C-389E-4774-B059-2F90AABA7A8F}.Debug|Any CPU.ActiveCfg = Debug|Any CPU
		{0383405C-389E-4774-B059-2F90AABA7A8F}.Debug|Any CPU.Build.0 = Debug|Any CPU
		{0383405C-389E-4774-B059-2F90AABA7A8F}.Release|Any CPU.ActiveCfg = Release|Any CPU
		{0383405C-389E-4774-B059-2F90AABA7A8F}.Release|Any CPU.Build.0 = Release|Any CPU
		{B4698E50-6D08-40C4-B9ED-8F6EDCFFD439}.Debug|Any CPU.ActiveCfg = Debug|Any CPU
		{B4698E50-6D08-40C4-B9ED-8F6EDCFFD439}.Debug|Any CPU.Build.0 = Debug|Any CPU
		{B4698E50-6D08-40C4-B9ED-8F6EDCFFD439}.Release|Any CPU.ActiveCfg = Release|Any CPU
		{B4698E50-6D08-40C4-B9ED-8F6EDCFFD439}.Release|Any CPU.Build.0 = Release|Any CPU
		{673A6FD8-4307-45A4-9089-24E09E4FA503}.Debug|Any CPU.ActiveCfg = Debug|Any CPU
		{673A6FD8-4307-45A4-9089-24E09E4FA503}.Debug|Any CPU.Build.0 = Debug|Any CPU
		{673A6FD8-4307-45A4-9089-24E09E4FA503}.Release|Any CPU.ActiveCfg = Release|Any CPU
		{673A6FD8-4307-45A4-9089-24E09E4FA503}.Release|Any CPU.Build.0 = Release|Any CPU
	EndGlobalSection
	GlobalSection(SolutionProperties) = preSolution
		HideSolutionNode = FALSE
	EndGlobalSection
	GlobalSection(ExtensibilityGlobals) = postSolution
		SolutionGuid = {22745327-D14A-4B94-ADDD-159A5660E6B9}
	EndGlobalSection
EndGlobal
